
Microsoft Visual Studio Solution File, Format Version 12.00
# Visual Studio Version 16
VisualStudioVersion = 16.0.33214.272
MinimumVisualStudioVersion = 10.0.40219.1
Project("{F184B08F-C81C-45F6-A57F-5ABD9991F28F}") = "InternetSpeedTestSurvey", "InternetSpeedTestSurvey.vbproj", "{02986FF1-8398-45EC-AB50-6AF6FF53EC64}"
EndProject
Global
	GlobalSection(SolutionConfigurationPlatforms) = preSolution
		Debug|Any CPU = Debug|Any CPU
		Release|Any CPU = Release|Any CPU
	EndGlobalSection
	GlobalSection(ProjectConfigurationPlatforms) = postSolution
		{02986FF1-8398-45EC-AB50-6AF6FF53EC64}.Debug|Any CPU.ActiveCfg = Debug|Any CPU
		{02986FF1-8398-45EC-AB50-6AF6FF53EC64}.Debug|Any CPU.Build.0 = Debug|Any CPU
		{02986FF1-8398-45EC-AB50-6AF6FF53EC64}.Release|Any CPU.ActiveCfg = Release|Any CPU
		{02986FF1-8398-45EC-AB50-6AF6FF53EC64}.Release|Any CPU.Build.0 = Release|Any CPU
	EndGlobalSection
	GlobalSection(SolutionProperties) = preSolution
		HideSolutionNode = FALSE
	EndGlobalSection
	GlobalSection(ExtensibilityGlobals) = postSolution
		SolutionGuid = {4EEFDB34-3067-461E-B49A-EF14A014252D}
	EndGlobalSection
EndGlobal
